
Microsoft Visual Studio Solution File, Format Version 12.00
# Visual Studio Version 16
VisualStudioVersion = 16.0.29403.142
MinimumVisualStudioVersion = 10.0.40219.1
Project("{8BC9CEB8-8B4A-11D0-8D11-00A0C91BC942}") = "Project65", "Project65.vcxproj", "{9AC2767D-6E81-4A14-9907-9902EBE2CB60}"
EndProject
Global
	GlobalSection(SolutionConfigurationPlatforms) = preSolution
		Debug|x64 = Debug|x64
		Debug|x86 = Debug|x86
		Release|x64 = Release|x64
		Release|x86 = Release|x86
	EndGlobalSection
	GlobalSection(ProjectConfigurationPlatforms) = postSolution
		{9AC2767D-6E81-4A14-9907-9902EBE2CB60}.Debug|x64.ActiveCfg = Debug|x64
		{9AC2767D-6E81-4A14-9907-9902EBE2CB60}.Debug|x64.Build.0 = Debug|x64
		{9AC2767D-6E81-4A14-9907-9902EBE2CB60}.Debug|x86.ActiveCfg = Debug|Win32
		{9AC2767D-6E81-4A14-9907-9902EBE2CB60}.Debug|x86.Build.0 = Debug|Win32
		{9AC2767D-6E81-4A14-9907-9902EBE2CB60}.Release|x64.ActiveCfg = Release|x64
		{9AC2767D-6E81-4A14-9907-9902EBE2CB60}.Release|x64.Build.0 = Release|x64
		{9AC2767D-6E81-4A14-9907-9902EBE2CB60}.Release|x86.ActiveCfg = Release|Win32
		{9AC2767D-6E81-4A14-9907-9902EBE2CB60}.Release|x86.Build.0 = Release|Win32
	EndGlobalSection
	GlobalSection(SolutionProperties) = preSolution
		HideSolutionNode = FALSE
	EndGlobalSection
	GlobalSection(ExtensibilityGlobals) = postSolution
		SolutionGuid = {775327BF-F7E7-4012-8EC5-A7C8547C179C}
	EndGlobalSection
EndGlobal
